
Microsoft Visual Studio Solution File, Format Version 12.00
# Visual Studio Version 17
VisualStudioVersion = 17.10.35013.160
MinimumVisualStudioVersion = 10.0.40219.1
Project("{FAE04EC0-301F-11D3-BF4B-00C04F79EFBC}") = "Lab3b", "Lab3b\Lab3b.csproj", "{B3D4EEAB-B4D8-4B55-9BB4-9D21E99BEF0B}"
EndProject
Global
	GlobalSection(SolutionConfigurationPlatforms) = preSolution
		Debug|Any CPU = Debug|Any CPU
		Release|Any CPU = Release|Any CPU
	EndGlobalSection
	GlobalSection(ProjectConfigurationPlatforms) = postSolution
		{B3D4EEAB-B4D8-4B55-9BB4-9D21E99BEF0B}.Debug|Any CPU.ActiveCfg = Debug|Any CPU
		{B3D4EEAB-B4D8-4B55-9BB4-9D21E99BEF0B}.Debug|Any CPU.Build.0 = Debug|Any CPU
		{B3D4EEAB-B4D8-4B55-9BB4-9D21E99BEF0B}.Release|Any CPU.ActiveCfg = Release|Any CPU
		{B3D4EEAB-B4D8-4B55-9BB4-9D21E99BEF0B}.Release|Any CPU.Build.0 = Release|Any CPU
	EndGlobalSection
	GlobalSection(SolutionProperties) = preSolution
		HideSolutionNode = FALSE
	EndGlobalSection
	GlobalSection(ExtensibilityGlobals) = postSolution
		SolutionGuid = {E47DA7DC-8EA7-4235-B98E-4ED8E2CCE4CE}
	EndGlobalSection
EndGlobal
